
Microsoft Visual Studio Solution File, Format Version 12.00
# Visual Studio Version 17
VisualStudioVersion = 17.14.36414.22 d17.14
MinimumVisualStudioVersion = 10.0.40219.1
Project("{FAE04EC0-301F-11D3-BF4B-00C04F79EFBC}") = "Etapa2_SQL", "Etapa2_SQL.csproj", "{A7DAB250-34CC-00FD-AD0B-958C7AD43F3D}"
EndProject
Global
	GlobalSection(SolutionConfigurationPlatforms) = preSolution
		Debug|Any CPU = Debug|Any CPU
		Release|Any CPU = Release|Any CPU
	EndGlobalSection
	GlobalSection(ProjectConfigurationPlatforms) = postSolution
		{A7DAB250-34CC-00FD-AD0B-958C7AD43F3D}.Debug|Any CPU.ActiveCfg = Debug|Any CPU
		{A7DAB250-34CC-00FD-AD0B-958C7AD43F3D}.Debug|Any CPU.Build.0 = Debug|Any CPU
		{A7DAB250-34CC-00FD-AD0B-958C7AD43F3D}.Release|Any CPU.ActiveCfg = Release|Any CPU
		{A7DAB250-34CC-00FD-AD0B-958C7AD43F3D}.Release|Any CPU.Build.0 = Release|Any CPU
	EndGlobalSection
	GlobalSection(SolutionProperties) = preSolution
		HideSolutionNode = FALSE
	EndGlobalSection
	GlobalSection(ExtensibilityGlobals) = postSolution
		SolutionGuid = {DFE58273-6C3A-4AAB-A7AC-32F68CA38BB8}
	EndGlobalSection
EndGlobal
